// !$*UTF8*$!
{
	archiveVersion = 1;
	classes = {
	};
	objectVersion = 45;
	objects = {

/* Begin PBXBuildFile section */
		392B1664132677BB00BF254A /* MTLocationFunctions.h in Headers */ = {isa = PBXBuildFile; fileRef = 392B1662132677BB00BF254A /* MTLocationFunctions.h */; };
		392B1665132677BB00BF254A /* MTLocationFunctions.m in Sources */ = {isa = PBXBuildFile; fileRef = 392B1663132677BB00BF254A /* MTLocationFunctions.m */; };
		39382D7A12E9B6400012007D /* MTLocateMeBarButtonItem.h in Headers */ = {isa = PBXBuildFile; fileRef = 39382D7512E9B6400012007D /* MTLocateMeBarButtonItem.h */; };
		39382D7B12E9B6400012007D /* MTLocateMeBarButtonItem.m in Sources */ = {isa = PBXBuildFile; fileRef = 39382D7612E9B6400012007D /* MTLocateMeBarButtonItem.m */; };
		39382D7C12E9B6400012007D /* MTLocateMeButton.h in Headers */ = {isa = PBXBuildFile; fileRef = 39382D7712E9B6400012007D /* MTLocateMeButton.h */; };
		39382D7D12E9B6400012007D /* MTLocateMeButton.m in Sources */ = {isa = PBXBuildFile; fileRef = 39382D7812E9B6400012007D /* MTLocateMeButton.m */; };
		39382D7E12E9B6400012007D /* MTLocationDefines.h in Headers */ = {isa = PBXBuildFile; fileRef = 39382D7912E9B6400012007D /* MTLocationDefines.h */; };
		39382DED12E9B7370012007D /* UIKit.framework in Frameworks */ = {isa = PBXBuildFile; fileRef = 39382DEC12E9B7370012007D /* UIKit.framework */; };
		39645C0612FF585D008E8F9E /* MTTouchesMovedGestureRecognizer.h in Headers */ = {isa = PBXBuildFile; fileRef = 39645C0412FF585D008E8F9E /* MTTouchesMovedGestureRecognizer.h */; };
		39645C0712FF585D008E8F9E /* MTTouchesMovedGestureRecognizer.m in Sources */ = {isa = PBXBuildFile; fileRef = 39645C0512FF585D008E8F9E /* MTTouchesMovedGestureRecognizer.m */; };
		39781DB31323C6A80030FB3D /* MKAnnotationView+MTLocation.h in Headers */ = {isa = PBXBuildFile; fileRef = 39781DB11323C6A80030FB3D /* MKAnnotationView+MTLocation.h */; };
		39781DB41323C6A80030FB3D /* MKAnnotationView+MTLocation.m in Sources */ = {isa = PBXBuildFile; fileRef = 39781DB21323C6A80030FB3D /* MKAnnotationView+MTLocation.m */; };
		39B0E06A131E58950057991D /* MKMapView+MTLocation.h in Headers */ = {isa = PBXBuildFile; fileRef = 39B0E068131E58950057991D /* MKMapView+MTLocation.h */; };
		39B0E06B131E58950057991D /* MKMapView+MTLocation.m in Sources */ = {isa = PBXBuildFile; fileRef = 39B0E069131E58950057991D /* MKMapView+MTLocation.m */; };
		39CFA15E12FA29F000B859F9 /* MTLocation.h in Headers */ = {isa = PBXBuildFile; fileRef = 39CFA15D12FA29F000B859F9 /* MTLocation.h */; };
		39E47D1312FF41D100649F01 /* MTLocationManager.h in Headers */ = {isa = PBXBuildFile; fileRef = 39E47D1112FF41D100649F01 /* MTLocationManager.h */; };
		39E47D1412FF41D100649F01 /* MTLocationManager.m in Sources */ = {isa = PBXBuildFile; fileRef = 39E47D1212FF41D100649F01 /* MTLocationManager.m */; };
		AA747D9F0F9514B9006C5449 /* MTLocateMeBarButtonItem_Prefix.pch in Headers */ = {isa = PBXBuildFile; fileRef = AA747D9E0F9514B9006C5449 /* MTLocateMeBarButtonItem_Prefix.pch */; };
		AACBBE4A0F95108600F1A2B1 /* Foundation.framework in Frameworks */ = {isa = PBXBuildFile; fileRef = AACBBE490F95108600F1A2B1 /* Foundation.framework */; };
/* End PBXBuildFile section */

/* Begin PBXFileReference section */
		392B1662132677BB00BF254A /* MTLocationFunctions.h */ = {isa = PBXFileReference; fileEncoding = 4; lastKnownFileType = sourcecode.c.h; path = MTLocationFunctions.h; sourceTree = "<group>"; };
		392B1663132677BB00BF254A /* MTLocationFunctions.m */ = {isa = PBXFileReference; fileEncoding = 4; lastKnownFileType = sourcecode.c.objc; path = MTLocationFunctions.m; sourceTree = "<group>"; };
		39382D7512E9B6400012007D /* MTLocateMeBarButtonItem.h */ = {isa = PBXFileReference; fileEncoding = 4; lastKnownFileType = sourcecode.c.h; path = MTLocateMeBarButtonItem.h; sourceTree = "<group>"; };
		39382D7612E9B6400012007D /* MTLocateMeBarButtonItem.m */ = {isa = PBXFileReference; fileEncoding = 4; lastKnownFileType = sourcecode.c.objc; path = MTLocateMeBarButtonItem.m; sourceTree = "<group>"; };
		39382D7712E9B6400012007D /* MTLocateMeButton.h */ = {isa = PBXFileReference; fileEncoding = 4; lastKnownFileType = sourcecode.c.h; path = MTLocateMeButton.h; sourceTree = "<group>"; };
		39382D7812E9B6400012007D /* MTLocateMeButton.m */ = {isa = PBXFileReference; fileEncoding = 4; lastKnownFileType = sourcecode.c.objc; path = MTLocateMeButton.m; sourceTree = "<group>"; };
		39382D7912E9B6400012007D /* MTLocationDefines.h */ = {isa = PBXFileReference; fileEncoding = 4; lastKnownFileType = sourcecode.c.h; path = MTLocationDefines.h; sourceTree = "<group>"; };
		39382DEC12E9B7370012007D /* UIKit.framework */ = {isa = PBXFileReference; lastKnownFileType = wrapper.framework; name = UIKit.framework; path = System/Library/Frameworks/UIKit.framework; sourceTree = SDKROOT; };
		39645C0412FF585D008E8F9E /* MTTouchesMovedGestureRecognizer.h */ = {isa = PBXFileReference; fileEncoding = 4; lastKnownFileType = sourcecode.c.h; path = MTTouchesMovedGestureRecognizer.h; sourceTree = "<group>"; };
		39645C0512FF585D008E8F9E /* MTTouchesMovedGestureRecognizer.m */ = {isa = PBXFileReference; fileEncoding = 4; lastKnownFileType = sourcecode.c.objc; path = MTTouchesMovedGestureRecognizer.m; sourceTree = "<group>"; };
		39781DB11323C6A80030FB3D /* MKAnnotationView+MTLocation.h */ = {isa = PBXFileReference; fileEncoding = 4; lastKnownFileType = sourcecode.c.h; path = "MKAnnotationView+MTLocation.h"; sourceTree = "<group>"; };
		39781DB21323C6A80030FB3D /* MKAnnotationView+MTLocation.m */ = {isa = PBXFileReference; fileEncoding = 4; lastKnownFileType = sourcecode.c.objc; path = "MKAnnotationView+MTLocation.m"; sourceTree = "<group>"; };
		397F552812FF6414006BE3B5 /* GoogleBadge.png */ = {isa = PBXFileReference; lastKnownFileType = image.png; path = GoogleBadge.png; sourceTree = "<group>"; };
		397F552912FF6414006BE3B5 /* GoogleBadge@2x.png */ = {isa = PBXFileReference; lastKnownFileType = image.png; path = "GoogleBadge@2x.png"; sourceTree = "<group>"; };
		397F552A12FF6414006BE3B5 /* HeadingAngleLarge.png */ = {isa = PBXFileReference; lastKnownFileType = image.png; path = HeadingAngleLarge.png; sourceTree = "<group>"; };
		397F552B12FF6414006BE3B5 /* HeadingAngleLarge@2x.png */ = {isa = PBXFileReference; lastKnownFileType = image.png; path = "HeadingAngleLarge@2x.png"; sourceTree = "<group>"; };
		397F552C12FF6414006BE3B5 /* HeadingAngleMedium.png */ = {isa = PBXFileReference; lastKnownFileType = image.png; path = HeadingAngleMedium.png; sourceTree = "<group>"; };
		397F552D12FF6414006BE3B5 /* HeadingAngleMedium@2x.png */ = {isa = PBXFileReference; lastKnownFileType = image.png; path = "HeadingAngleMedium@2x.png"; sourceTree = "<group>"; };
		397F552E12FF6414006BE3B5 /* HeadingAngleSmall.png */ = {isa = PBXFileReference; lastKnownFileType = image.png; path = HeadingAngleSmall.png; sourceTree = "<group>"; };
		397F552F12FF6414006BE3B5 /* HeadingAngleSmall@2x.png */ = {isa = PBXFileReference; lastKnownFileType = image.png; path = "HeadingAngleSmall@2x.png"; sourceTree = "<group>"; };
		397F553012FF6414006BE3B5 /* LocateMeButton.png */ = {isa = PBXFileReference; lastKnownFileType = image.png; path = LocateMeButton.png; sourceTree = "<group>"; };
		397F553112FF6414006BE3B5 /* LocateMeButton@2x.png */ = {isa = PBXFileReference; lastKnownFileType = image.png; path = "LocateMeButton@2x.png"; sourceTree = "<group>"; };
		397F553212FF6414006BE3B5 /* LocateMeButtonTrackingPressed.png */ = {isa = PBXFileReference; lastKnownFileType = image.png; path = LocateMeButtonTrackingPressed.png; sourceTree = "<group>"; };
		397F553312FF6414006BE3B5 /* LocateMeButtonTrackingPressed@2x.png */ = {isa = PBXFileReference; lastKnownFileType = image.png; path = "LocateMeButtonTrackingPressed@2x.png"; sourceTree = "<group>"; };
		397F553412FF6414006BE3B5 /* Location.png */ = {isa = PBXFileReference; lastKnownFileType = image.png; path = Location.png; sourceTree = "<group>"; };
		397F553512FF6414006BE3B5 /* Location@2x.png */ = {isa = PBXFileReference; lastKnownFileType = image.png; path = "Location@2x.png"; sourceTree = "<group>"; };
		397F553612FF6414006BE3B5 /* LocationHeading.png */ = {isa = PBXFileReference; lastKnownFileType = image.png; path = LocationHeading.png; sourceTree = "<group>"; };
		397F553712FF6414006BE3B5 /* LocationHeading@2x.png */ = {isa = PBXFileReference; lastKnownFileType = image.png; path = "LocationHeading@2x.png"; sourceTree = "<group>"; };
		39B0E068131E58950057991D /* MKMapView+MTLocation.h */ = {isa = PBXFileReference; fileEncoding = 4; lastKnownFileType = sourcecode.c.h; path = "MKMapView+MTLocation.h"; sourceTree = "<group>"; };
		39B0E069131E58950057991D /* MKMapView+MTLocation.m */ = {isa = PBXFileReference; fileEncoding = 4; lastKnownFileType = sourcecode.c.objc; path = "MKMapView+MTLocation.m"; sourceTree = "<group>"; };
		39CFA15D12FA29F000B859F9 /* MTLocation.h */ = {isa = PBXFileReference; fileEncoding = 4; lastKnownFileType = sourcecode.c.h; path = MTLocation.h; sourceTree = "<group>"; };
		39E47D1112FF41D100649F01 /* MTLocationManager.h */ = {isa = PBXFileReference; fileEncoding = 4; lastKnownFileType = sourcecode.c.h; path = MTLocationManager.h; sourceTree = "<group>"; };
		39E47D1212FF41D100649F01 /* MTLocationManager.m */ = {isa = PBXFileReference; fileEncoding = 4; lastKnownFileType = sourcecode.c.objc; path = MTLocationManager.m; sourceTree = "<group>"; };
		AA747D9E0F9514B9006C5449 /* MTLocateMeBarButtonItem_Prefix.pch */ = {isa = PBXFileReference; fileEncoding = 4; lastKnownFileType = sourcecode.c.h; path = MTLocateMeBarButtonItem_Prefix.pch; sourceTree = SOURCE_ROOT; };
		AACBBE490F95108600F1A2B1 /* Foundation.framework */ = {isa = PBXFileReference; lastKnownFileType = wrapper.framework; name = Foundation.framework; path = System/Library/Frameworks/Foundation.framework; sourceTree = SDKROOT; };
		D2AAC07E0554694100DB518D /* libMTLocation.a */ = {isa = PBXFileReference; explicitFileType = archive.ar; includeInIndex = 0; path = libMTLocation.a; sourceTree = BUILT_PRODUCTS_DIR; };
/* End PBXFileReference section */

/* Begin PBXFrameworksBuildPhase section */
		D2AAC07C0554694100DB518D /* Frameworks */ = {
			isa = PBXFrameworksBuildPhase;
			buildActionMask = 2147483647;
			files = (
				AACBBE4A0F95108600F1A2B1 /* Foundation.framework in Frameworks */,
				39382DED12E9B7370012007D /* UIKit.framework in Frameworks */,
			);
			runOnlyForDeploymentPostprocessing = 0;
		};
/* End PBXFrameworksBuildPhase section */

/* Begin PBXGroup section */
		034768DFFF38A50411DB9C8B /* Products */ = {
			isa = PBXGroup;
			children = (
				D2AAC07E0554694100DB518D /* libMTLocation.a */,
			);
			name = Products;
			sourceTree = "<group>";
		};
		0867D691FE84028FC02AAC07 /* MTLocateMeBarButtonItem */ = {
			isa = PBXGroup;
			children = (
				397F552712FF6414006BE3B5 /* Resources */,
				08FB77AEFE84172EC02AAC07 /* Classes */,
				32C88DFF0371C24200C91783 /* Other Sources */,
				0867D69AFE84028FC02AAC07 /* Frameworks */,
				034768DFFF38A50411DB9C8B /* Products */,
			);
			name = MTLocateMeBarButtonItem;
			sourceTree = "<group>";
		};
		0867D69AFE84028FC02AAC07 /* Frameworks */ = {
			isa = PBXGroup;
			children = (
				AACBBE490F95108600F1A2B1 /* Foundation.framework */,
				39382DEC12E9B7370012007D /* UIKit.framework */,
			);
			name = Frameworks;
			sourceTree = "<group>";
		};
		08FB77AEFE84172EC02AAC07 /* Classes */ = {
			isa = PBXGroup;
			children = (
				39CFA14712FA268F00B859F9 /* Buttons */,
				39781DB01323C6770030FB3D /* Categories */,
				39E47D1012FF41A000649F01 /* Delegation */,
				39CFA14612FA268500B859F9 /* Utils */,
				39CFA15D12FA29F000B859F9 /* MTLocation.h */,
			);
			name = Classes;
			sourceTree = "<group>";
		};
		32C88DFF0371C24200C91783 /* Other Sources */ = {
			isa = PBXGroup;
			children = (
				AA747D9E0F9514B9006C5449 /* MTLocateMeBarButtonItem_Prefix.pch */,
			);
			name = "Other Sources";
			sourceTree = "<group>";
		};
		39781DB01323C6770030FB3D /* Categories */ = {
			isa = PBXGroup;
			children = (
				39B0E068131E58950057991D /* MKMapView+MTLocation.h */,
				39B0E069131E58950057991D /* MKMapView+MTLocation.m */,
				39781DB11323C6A80030FB3D /* MKAnnotationView+MTLocation.h */,
				39781DB21323C6A80030FB3D /* MKAnnotationView+MTLocation.m */,
			);
			name = Categories;
			sourceTree = "<group>";
		};
		397F552712FF6414006BE3B5 /* Resources */ = {
			isa = PBXGroup;
			children = (
				397F552812FF6414006BE3B5 /* GoogleBadge.png */,
				397F552912FF6414006BE3B5 /* GoogleBadge@2x.png */,
				397F552A12FF6414006BE3B5 /* HeadingAngleLarge.png */,
				397F552B12FF6414006BE3B5 /* HeadingAngleLarge@2x.png */,
				397F552C12FF6414006BE3B5 /* HeadingAngleMedium.png */,
				397F552D12FF6414006BE3B5 /* HeadingAngleMedium@2x.png */,
				397F552E12FF6414006BE3B5 /* HeadingAngleSmall.png */,
				397F552F12FF6414006BE3B5 /* HeadingAngleSmall@2x.png */,
				397F553012FF6414006BE3B5 /* LocateMeButton.png */,
				397F553112FF6414006BE3B5 /* LocateMeButton@2x.png */,
				397F553212FF6414006BE3B5 /* LocateMeButtonTrackingPressed.png */,
				397F553312FF6414006BE3B5 /* LocateMeButtonTrackingPressed@2x.png */,
				397F553412FF6414006BE3B5 /* Location.png */,
				397F553512FF6414006BE3B5 /* Location@2x.png */,
				397F553612FF6414006BE3B5 /* LocationHeading.png */,
				397F553712FF6414006BE3B5 /* LocationHeading@2x.png */,
			);
			path = Resources;
			sourceTree = "<group>";
		};
		39CFA14612FA268500B859F9 /* Utils */ = {
			isa = PBXGroup;
			children = (
				39382D7912E9B6400012007D /* MTLocationDefines.h */,
				39645C0412FF585D008E8F9E /* MTTouchesMovedGestureRecognizer.h */,
				39645C0512FF585D008E8F9E /* MTTouchesMovedGestureRecognizer.m */,
				392B1662132677BB00BF254A /* MTLocationFunctions.h */,
				392B1663132677BB00BF254A /* MTLocationFunctions.m */,
			);
			name = Utils;
			sourceTree = "<group>";
		};
		39CFA14712FA268F00B859F9 /* Buttons */ = {
			isa = PBXGroup;
			children = (
				39382D7512E9B6400012007D /* MTLocateMeBarButtonItem.h */,
				39382D7612E9B6400012007D /* MTLocateMeBarButtonItem.m */,
				39382D7712E9B6400012007D /* MTLocateMeButton.h */,
				39382D7812E9B6400012007D /* MTLocateMeButton.m */,
			);
			name = Buttons;
			sourceTree = "<group>";
		};
		39E47D1012FF41A000649F01 /* Delegation */ = {
			isa = PBXGroup;
			children = (
				39E47D1112FF41D100649F01 /* MTLocationManager.h */,
				39E47D1212FF41D100649F01 /* MTLocationManager.m */,
			);
			name = Delegation;
			sourceTree = "<group>";
		};
/* End PBXGroup section */

/* Begin PBXHeadersBuildPhase section */
		D2AAC07A0554694100DB518D /* Headers */ = {
			isa = PBXHeadersBuildPhase;
			buildActionMask = 2147483647;
			files = (
				AA747D9F0F9514B9006C5449 /* MTLocateMeBarButtonItem_Prefix.pch in Headers */,
				39382D7A12E9B6400012007D /* MTLocateMeBarButtonItem.h in Headers */,
				39382D7C12E9B6400012007D /* MTLocateMeButton.h in Headers */,
				39382D7E12E9B6400012007D /* MTLocationDefines.h in Headers */,
				39CFA15E12FA29F000B859F9 /* MTLocation.h in Headers */,
				39E47D1312FF41D100649F01 /* MTLocationManager.h in Headers */,
				39645C0612FF585D008E8F9E /* MTTouchesMovedGestureRecognizer.h in Headers */,
				39B0E06A131E58950057991D /* MKMapView+MTLocation.h in Headers */,
				39781DB31323C6A80030FB3D /* MKAnnotationView+MTLocation.h in Headers */,
				392B1664132677BB00BF254A /* MTLocationFunctions.h in Headers */,
			);
			runOnlyForDeploymentPostprocessing = 0;
		};
/* End PBXHeadersBuildPhase section */

/* Begin PBXNativeTarget section */
		D2AAC07D0554694100DB518D /* MTLocation */ = {
			isa = PBXNativeTarget;
			buildConfigurationList = 1DEB921E08733DC00010E9CD /* Build configuration list for PBXNativeTarget "MTLocation" */;
			buildPhases = (
				D2AAC07A0554694100DB518D /* Headers */,
				D2AAC07B0554694100DB518D /* Sources */,
				D2AAC07C0554694100DB518D /* Frameworks */,
			);
			buildRules = (
			);
			dependencies = (
			);
			name = MTLocation;
			productName = MTLocateMeBarButtonItem;
			productReference = D2AAC07E0554694100DB518D /* libMTLocation.a */;
			productType = "com.apple.product-type.library.static";
		};
/* End PBXNativeTarget section */

/* Begin PBXProject section */
		0867D690FE84028FC02AAC07 /* Project object */ = {
			isa = PBXProject;
			buildConfigurationList = 1DEB922208733DC00010E9CD /* Build configuration list for PBXProject "MTLocation" */;
			compatibilityVersion = "Xcode 3.1";
			developmentRegion = English;
			hasScannedForEncodings = 1;
			knownRegions = (
				English,
				Japanese,
				French,
				German,
			);
			mainGroup = 0867D691FE84028FC02AAC07 /* MTLocateMeBarButtonItem */;
			productRefGroup = 034768DFFF38A50411DB9C8B /* Products */;
			projectDirPath = "";
			projectRoot = "";
			targets = (
				D2AAC07D0554694100DB518D /* MTLocation */,
			);
		};
/* End PBXProject section */

/* Begin PBXSourcesBuildPhase section */
		D2AAC07B0554694100DB518D /* Sources */ = {
			isa = PBXSourcesBuildPhase;
			buildActionMask = 2147483647;
			files = (
				39382D7B12E9B6400012007D /* MTLocateMeBarButtonItem.m in Sources */,
				39382D7D12E9B6400012007D /* MTLocateMeButton.m in Sources */,
				39E47D1412FF41D100649F01 /* MTLocationManager.m in Sources */,
				39645C0712FF585D008E8F9E /* MTTouchesMovedGestureRecognizer.m in Sources */,
				39B0E06B131E58950057991D /* MKMapView+MTLocation.m in Sources */,
				39781DB41323C6A80030FB3D /* MKAnnotationView+MTLocation.m in Sources */,
				392B1665132677BB00BF254A /* MTLocationFunctions.m in Sources */,
			);
			runOnlyForDeploymentPostprocessing = 0;
		};
/* End PBXSourcesBuildPhase section */

/* Begin XCBuildConfiguration section */
		1DEB921F08733DC00010E9CD /* Debug */ = {
			isa = XCBuildConfiguration;
			buildSettings = {
				ALWAYS_SEARCH_USER_PATHS = NO;
				ARCHS = "$(ARCHS_STANDARD_32_BIT)";
				COPY_PHASE_STRIP = NO;
				DSTROOT = /tmp/MTLocateMeBarButtonItem.dst;
				GCC_DYNAMIC_NO_PIC = NO;
				GCC_ENABLE_FIX_AND_CONTINUE = YES;
				GCC_MODEL_TUNING = G5;
				GCC_OPTIMIZATION_LEVEL = 0;
				GCC_PRECOMPILE_PREFIX_HEADER = YES;
				GCC_PREFIX_HEADER = MTLocateMeBarButtonItem_Prefix.pch;
				INSTALL_PATH = /usr/local/lib;
				PRODUCT_NAME = MTLocation;
			};
			name = Debug;
		};
		1DEB922008733DC00010E9CD /* Release */ = {
			isa = XCBuildConfiguration;
			buildSettings = {
				ALWAYS_SEARCH_USER_PATHS = NO;
				ARCHS = "$(ARCHS_STANDARD_32_BIT)";
				DSTROOT = /tmp/MTLocateMeBarButtonItem.dst;
				GCC_MODEL_TUNING = G5;
				GCC_PRECOMPILE_PREFIX_HEADER = YES;
				GCC_PREFIX_HEADER = MTLocateMeBarButtonItem_Prefix.pch;
				INSTALL_PATH = /usr/local/lib;
				PRODUCT_NAME = MTLocation;
			};
			name = Release;
		};
		1DEB922308733DC00010E9CD /* Debug */ = {
			isa = XCBuildConfiguration;
			buildSettings = {
				ARCHS = "$(ARCHS_STANDARD_32_BIT)";
				GCC_C_LANGUAGE_STANDARD = c99;
				GCC_OPTIMIZATION_LEVEL = 0;
				GCC_WARN_ABOUT_RETURN_TYPE = YES;
				GCC_WARN_UNUSED_VARIABLE = YES;
				IPHONEOS_DEPLOYMENT_TARGET = 3.1.3;
				OTHER_LDFLAGS = "-ObjC";
				PREBINDING = NO;
				PRODUCT_NAME = MTLocation;
				SDKROOT = iphoneos;
			};
			name = Debug;
		};
		1DEB922408733DC00010E9CD /* Release */ = {
			isa = XCBuildConfiguration;
			buildSettings = {
				ARCHS = "$(ARCHS_STANDARD_32_BIT)";
				GCC_C_LANGUAGE_STANDARD = c99;
				GCC_WARN_ABOUT_RETURN_TYPE = YES;
				GCC_WARN_UNUSED_VARIABLE = YES;
				IPHONEOS_DEPLOYMENT_TARGET = 3.1.3;
				OTHER_LDFLAGS = "-ObjC";
				PREBINDING = NO;
				PRODUCT_NAME = MTLocation;
				SDKROOT = iphoneos;
			};
			name = Release;
		};
/* End XCBuildConfiguration section */

/* Begin XCConfigurationList section */
		1DEB921E08733DC00010E9CD /* Build configuration list for PBXNativeTarget "MTLocation" */ = {
			isa = XCConfigurationList;
			buildConfigurations = (
				1DEB921F08733DC00010E9CD /* Debug */,
				1DEB922008733DC00010E9CD /* Release */,
			);
			defaultConfigurationIsVisible = 0;
			defaultConfigurationName = Release;
		};
		1DEB922208733DC00010E9CD /* Build configuration list for PBXProject "MTLocation" */ = {
			isa = XCConfigurationList;
			buildConfigurations = (
				1DEB922308733DC00010E9CD /* Debug */,
				1DEB922408733DC00010E9CD /* Release */,
			);
			defaultConfigurationIsVisible = 0;
			defaultConfigurationName = Release;
		};
/* End XCConfigurationList section */
	};
	rootObject = 0867D690FE84028FC02AAC07 /* Project object */;
}
